
Microsoft Visual Studio Solution File, Format Version 12.00
# Visual Studio Version 16
VisualStudioVersion = 16.0.29728.190
MinimumVisualStudioVersion = 10.0.40219.1
Project("{FAE04EC0-301F-11D3-BF4B-00C04F79EFBC}") = "BulkyBook", "BulkyBook\BulkyBook.csproj", "{07057E0F-464F-4586-9223-549971C5495E}"
EndProject
Global
	GlobalSection(SolutionConfigurationPlatforms) = preSolution
		Debug|Any CPU = Debug|Any CPU
		Release|Any CPU = Release|Any CPU
	EndGlobalSection
	GlobalSection(ProjectConfigurationPlatforms) = postSolution
		{07057E0F-464F-4586-9223-549971C5495E}.Debug|Any CPU.ActiveCfg = Debug|Any CPU
		{07057E0F-464F-4586-9223-549971C5495E}.Debug|Any CPU.Build.0 = Debug|Any CPU
		{07057E0F-464F-4586-9223-549971C5495E}.Release|Any CPU.ActiveCfg = Release|Any CPU
		{07057E0F-464F-4586-9223-549971C5495E}.Release|Any CPU.Build.0 = Release|Any CPU
	EndGlobalSection
	GlobalSection(SolutionProperties) = preSolution
		HideSolutionNode = FALSE
	EndGlobalSection
	GlobalSection(ExtensibilityGlobals) = postSolution
		SolutionGuid = {69DEDBE3-7ADC-480F-82CF-B489D60B8403}
	EndGlobalSection
EndGlobal
